
Microsoft Visual Studio Solution File, Format Version 12.00
# Visual Studio Version 17
VisualStudioVersion = 17.0.31710.8
MinimumVisualStudioVersion = 10.0.40219.1
Project("{9A19103F-16F7-4668-BE54-9A1E7A4F7556}") = "MahApps.Metro.IconPacks.Core", "MahApps.Metro.IconPacks.Core\MahApps.Metro.IconPacks.Core.csproj", "{C51AF632-8B5A-4C1E-9491-C4CC922799F3}"
EndProject
Project("{9A19103F-16F7-4668-BE54-9A1E7A4F7556}") = "MahApps.Metro.IconPacks.Material", "MahApps.Metro.IconPacks\MahApps.Metro.IconPacks.Material.csproj", "{478EDDA9-E8B2-4226-A74A-A23DAB083973}"
EndProject
Project("{2150E333-8FDC-42A3-9474-1A3956D46DE8}") = "Solution Items", "Solution Items", "{DB4253C5-B762-4F6C-8F01-7EB614053B45}"
	ProjectSection(SolutionItems) = preProject
		Directory.build.props = Directory.build.props
		Directory.build.targets = Directory.build.targets
		global.json = global.json
	EndProjectSection
EndProject
Project("{9A19103F-16F7-4668-BE54-9A1E7A4F7556}") = "IconGenerator", "IconGenerator\IconGenerator.csproj", "{41414122-67AB-48C7-A3A8-2D1871A5487F}"
EndProject
Project("{9A19103F-16F7-4668-BE54-9A1E7A4F7556}") = "IconBrowser", "IconBrowser\IconBrowser.csproj", "{5EB52380-AC3B-45D5-B2BA-404D70F5F119}"
EndProject
Global
	GlobalSection(SolutionConfigurationPlatforms) = preSolution
		Debug|Any CPU = Debug|Any CPU
		Debug|x64 = Debug|x64
		Debug|x86 = Debug|x86
		Release|Any CPU = Release|Any CPU
		Release|x64 = Release|x64
		Release|x86 = Release|x86
	EndGlobalSection
	GlobalSection(ProjectConfigurationPlatforms) = postSolution
		{C51AF632-8B5A-4C1E-9491-C4CC922799F3}.Debug|Any CPU.ActiveCfg = Debug|Any CPU
		{C51AF632-8B5A-4C1E-9491-C4CC922799F3}.Debug|Any CPU.Build.0 = Debug|Any CPU
		{C51AF632-8B5A-4C1E-9491-C4CC922799F3}.Debug|x64.ActiveCfg = Debug|Any CPU
		{C51AF632-8B5A-4C1E-9491-C4CC922799F3}.Debug|x64.Build.0 = Debug|Any CPU
		{C51AF632-8B5A-4C1E-9491-C4CC922799F3}.Debug|x86.ActiveCfg = Debug|Any CPU
		{C51AF632-8B5A-4C1E-9491-C4CC922799F3}.Debug|x86.Build.0 = Debug|Any CPU
		{C51AF632-8B5A-4C1E-9491-C4CC922799F3}.Release|Any CPU.ActiveCfg = Release|Any CPU
		{C51AF632-8B5A-4C1E-9491-C4CC922799F3}.Release|Any CPU.Build.0 = Release|Any CPU
		{C51AF632-8B5A-4C1E-9491-C4CC922799F3}.Release|x64.ActiveCfg = Release|Any CPU
		{C51AF632-8B5A-4C1E-9491-C4CC922799F3}.Release|x64.Build.0 = Release|Any CPU
		{C51AF632-8B5A-4C1E-9491-C4CC922799F3}.Release|x86.ActiveCfg = Release|Any CPU
		{C51AF632-8B5A-4C1E-9491-C4CC922799F3}.Release|x86.Build.0 = Release|Any CPU
		{478EDDA9-E8B2-4226-A74A-A23DAB083973}.Debug|Any CPU.ActiveCfg = Debug|Any CPU
		{478EDDA9-E8B2-4226-A74A-A23DAB083973}.Debug|Any CPU.Build.0 = Debug|Any CPU
		{478EDDA9-E8B2-4226-A74A-A23DAB083973}.Debug|x64.ActiveCfg = Debug|Any CPU
		{478EDDA9-E8B2-4226-A74A-A23DAB083973}.Debug|x64.Build.0 = Debug|Any CPU
		{478EDDA9-E8B2-4226-A74A-A23DAB083973}.Debug|x86.ActiveCfg = Debug|Any CPU
		{478EDDA9-E8B2-4226-A74A-A23DAB083973}.Debug|x86.Build.0 = Debug|Any CPU
		{478EDDA9-E8B2-4226-A74A-A23DAB083973}.Release|Any CPU.ActiveCfg = Release|Any CPU
		{478EDDA9-E8B2-4226-A74A-A23DAB083973}.Release|Any CPU.Build.0 = Release|Any CPU
		{478EDDA9-E8B2-4226-A74A-A23DAB083973}.Release|x64.ActiveCfg = Release|Any CPU
		{478EDDA9-E8B2-4226-A74A-A23DAB083973}.Release|x64.Build.0 = Release|Any CPU
		{478EDDA9-E8B2-4226-A74A-A23DAB083973}.Release|x86.ActiveCfg = Release|Any CPU
		{478EDDA9-E8B2-4226-A74A-A23DAB083973}.Release|x86.Build.0 = Release|Any CPU
		{41414122-67AB-48C7-A3A8-2D1871A5487F}.Debug|Any CPU.ActiveCfg = Debug|Any CPU
		{41414122-67AB-48C7-A3A8-2D1871A5487F}.Debug|Any CPU.Build.0 = Debug|Any CPU
		{41414122-67AB-48C7-A3A8-2D1871A5487F}.Debug|x64.ActiveCfg = Debug|Any CPU
		{41414122-67AB-48C7-A3A8-2D1871A5487F}.Debug|x64.Build.0 = Debug|Any CPU
		{41414122-67AB-48C7-A3A8-2D1871A5487F}.Debug|x86.ActiveCfg = Debug|Any CPU
		{41414122-67AB-48C7-A3A8-2D1871A5487F}.Debug|x86.Build.0 = Debug|Any CPU
		{41414122-67AB-48C7-A3A8-2D1871A5487F}.Release|Any CPU.ActiveCfg = Release|Any CPU
		{41414122-67AB-48C7-A3A8-2D1871A5487F}.Release|Any CPU.Build.0 = Release|Any CPU
		{41414122-67AB-48C7-A3A8-2D1871A5487F}.Release|x64.ActiveCfg = Release|Any CPU
		{41414122-67AB-48C7-A3A8-2D1871A5487F}.Release|x64.Build.0 = Release|Any CPU
		{41414122-67AB-48C7-A3A8-2D1871A5487F}.Release|x86.ActiveCfg = Release|Any CPU
		{41414122-67AB-48C7-A3A8-2D1871A5487F}.Release|x86.Build.0 = Release|Any CPU
		{5EB52380-AC3B-45D5-B2BA-404D70F5F119}.Debug|Any CPU.ActiveCfg = Debug|Any CPU
		{5EB52380-AC3B-45D5-B2BA-404D70F5F119}.Debug|Any CPU.Build.0 = Debug|Any CPU
		{5EB52380-AC3B-45D5-B2BA-404D70F5F119}.Debug|x64.ActiveCfg = Debug|Any CPU
		{5EB52380-AC3B-45D5-B2BA-404D70F5F119}.Debug|x64.Build.0 = Debug|Any CPU
		{5EB52380-AC3B-45D5-B2BA-404D70F5F119}.Debug|x86.ActiveCfg = Debug|Any CPU
		{5EB52380-AC3B-45D5-B2BA-404D70F5F119}.Debug|x86.Build.0 = Debug|Any CPU
		{5EB52380-AC3B-45D5-B2BA-404D70F5F119}.Release|Any CPU.ActiveCfg = Release|Any CPU
		{5EB52380-AC3B-45D5-B2BA-404D70F5F119}.Release|Any CPU.Build.0 = Release|Any CPU
		{5EB52380-AC3B-45D5-B2BA-404D70F5F119}.Release|x64.ActiveCfg = Release|Any CPU
		{5EB52380-AC3B-45D5-B2BA-404D70F5F119}.Release|x64.Build.0 = Release|Any CPU
		{5EB52380-AC3B-45D5-B2BA-404D70F5F119}.Release|x86.ActiveCfg = Release|Any CPU
		{5EB52380-AC3B-45D5-B2BA-404D70F5F119}.Release|x86.Build.0 = Release|Any CPU
	EndGlobalSection
	GlobalSection(SolutionProperties) = preSolution
		HideSolutionNode = FALSE
	EndGlobalSection
	GlobalSection(ExtensibilityGlobals) = postSolution
		SolutionGuid = {967EB791-B520-46FB-8AD7-4F5523C8B7A8}
	EndGlobalSection
EndGlobal
